github.com/JesseCoretta/go-antlr4512 v1.0.9 h1:F3qkZD7j5St9hcHWqvIyZ6oQIc9SxKC0pQFAnv+guSA=
github.com/JesseCoretta/go-antlr4512 v1.0.9/go.mod h1:Lp7Kgd6vyZAQOENhSGvsIWU9XiQRJ7CuqNWbwZ2MTkY=
github.com/JesseCoretta/go-shifty v1.0.1 h1:+AaQbNfVtWxWwI9jo0Hke6Jv1mBlOD/bAooaj0xjVi8=
github.com/JesseCoretta/go-shifty v1.0.1/go.mod h1:vnqi9wCMnLDDD4XU3NmL2fF7dz4HiaAuI/M3bqB2bQE=
github.com/JesseCoretta/go-stackage v1.0.5-0.20240811060306-352afc3a15a7 h1:hGM7h3f3fHDaP7zMlNA2+ygEHlWTqPOE6YauVn7fysM=
github.com/JesseCoretta/go-stackage v1.0.5-0.20240811060306-352afc3a15a7/go.mod h1:QnPSyIRAMp4VWZNwBOOF7IcBGu+rWVUMDcAeATlRikI=
github.com/antlr4-go/antlr/v4 v4.13.0 h1:lxCg3LAv+EUK6t1i0y1V6/SLeUi0eKEKdhQAlS8TVTI=
github.com/antlr4-go/antlr/v4 v4.13.0/go.mod h1:pfChB/xh/Unjila75QW7+VU4TSnWnnk9UTnmpPaOR2g=
golang.org/x/exp v0.0.0-20240404231335-c0f41cb1a7a0 h1:985EYyeCOxTpcgOTJpflJUwOeEz0CQOdPt73OzpE9F8=
golang.org/x/exp v0.0.0-20240404231335-c0f41cb1a7a0/go.mod h1:/lliqkxwWAhPjf5oSOIJup2XcqJaw8RGS6k3TGEc7GI=
